
Microsoft Visual Studio Solution File, Format Version 12.00
# Visual Studio Version 17
VisualStudioVersion = 17.9.34728.123
MinimumVisualStudioVersion = 10.0.40219.1
Project("{FAE04EC0-301F-11D3-BF4B-00C04F79EFBC}") = "HelloMichael", "HelloMichael\HelloMichael.csproj", "{0CDCE8B1-E6EA-49F0-A160-5F39B1E84C8E}"
EndProject
Global
	GlobalSection(SolutionConfigurationPlatforms) = preSolution
		Debug|Any CPU = Debug|Any CPU
		Release|Any CPU = Release|Any CPU
	EndGlobalSection
	GlobalSection(ProjectConfigurationPlatforms) = postSolution
		{0CDCE8B1-E6EA-49F0-A160-5F39B1E84C8E}.Debug|Any CPU.ActiveCfg = Debug|Any CPU
		{0CDCE8B1-E6EA-49F0-A160-5F39B1E84C8E}.Debug|Any CPU.Build.0 = Debug|Any CPU
		{0CDCE8B1-E6EA-49F0-A160-5F39B1E84C8E}.Release|Any CPU.ActiveCfg = Release|Any CPU
		{0CDCE8B1-E6EA-49F0-A160-5F39B1E84C8E}.Release|Any CPU.Build.0 = Release|Any CPU
	EndGlobalSection
	GlobalSection(SolutionProperties) = preSolution
		HideSolutionNode = FALSE
	EndGlobalSection
	GlobalSection(ExtensibilityGlobals) = postSolution
		SolutionGuid = {F4E4348C-A670-4E5B-942B-8F3E5D128E5F}
	EndGlobalSection
EndGlobal
